%{"elixir_script": {:hex, :elixir_script, "0.30.0", "c67b2d9b6cdfa432717f4bffa3f31f476ff5c5bf15cef59142c6a85e7089d530", [:mix], [{:estree, "~> 2.6", [hex: :estree, repo: "hexpm", optional: false]}], "hexpm"},
  "estree": {:hex, :estree, "2.6.0", "86a301b0c355fa55c19e7ef9dceb1b1e983c6df526a2b7846818a38c258fc3fb", [], [], "hexpm"},
  "fs": {:hex, :fs, "3.4.0", "6d18575c250b415b3cad559e6f97a4c822516c7bc2c10bfbb2493a8f230f5132", [], [], "hexpm"}}
