%{
  "earmark": {:hex, :earmark, "1.2.4", "99b637c62a4d65a20a9fb674b8cffb8baa771c04605a80c911c4418c69b75439", [:mix], [], "hexpm"},
  "elixir_script": {:hex, :elixir_script, "0.32.0", "33c0348a891baa35e1b3802af776cddf83d27988debdea78a0ef0c0c65324146", [:mix], [{:estree, "~> 2.6", [hex: :estree, repo: "hexpm", optional: false]}], "hexpm"},
  "estree": {:hex, :estree, "2.6.1", "0a17cc0e9e35315dc4fcd79d30a746b1f3e9ed654be6084ce882ab491165ae22", [:mix], [], "hexpm"},
  "ex_doc": {:hex, :ex_doc, "0.18.3", "f4b0e4a2ec6f333dccf761838a4b253d75e11f714b85ae271c9ae361367897b7", [:mix], [{:earmark, "~> 1.1", [hex: :earmark, repo: "hexpm", optional: false]}], "hexpm"},
  "fs": {:hex, :fs, "3.4.0", "6d18575c250b415b3cad559e6f97a4c822516c7bc2c10bfbb2493a8f230f5132", [], [], "hexpm"},
}
